
Microsoft Visual Studio Solution File, Format Version 12.00
# Visual Studio Version 16
VisualStudioVersion = 16.0.31410.357
MinimumVisualStudioVersion = 10.0.40219.1
Project("{FAE04EC0-301F-11D3-BF4B-00C04F79EFBC}") = "Modul5HW6Server", "Modul5HW6Server\Modul5HW6Server.csproj", "{AB1A73B7-8005-45A5-9830-5FFE6F37DC77}"
EndProject
Global
	GlobalSection(SolutionConfigurationPlatforms) = preSolution
		Debug|Any CPU = Debug|Any CPU
		Release|Any CPU = Release|Any CPU
	EndGlobalSection
	GlobalSection(ProjectConfigurationPlatforms) = postSolution
		{AB1A73B7-8005-45A5-9830-5FFE6F37DC77}.Debug|Any CPU.ActiveCfg = Debug|Any CPU
		{AB1A73B7-8005-45A5-9830-5FFE6F37DC77}.Debug|Any CPU.Build.0 = Debug|Any CPU
		{AB1A73B7-8005-45A5-9830-5FFE6F37DC77}.Release|Any CPU.ActiveCfg = Release|Any CPU
		{AB1A73B7-8005-45A5-9830-5FFE6F37DC77}.Release|Any CPU.Build.0 = Release|Any CPU
	EndGlobalSection
	GlobalSection(SolutionProperties) = preSolution
		HideSolutionNode = FALSE
	EndGlobalSection
	GlobalSection(ExtensibilityGlobals) = postSolution
		SolutionGuid = {472A6910-959C-4AB0-B555-6DCD69C6629C}
	EndGlobalSection
EndGlobal
